// !$*UTF8*$!
{
	archiveVersion = 1;
	classes = {
	};
	objectVersion = 50;
	objects = {

/* Begin PBXBuildFile section */
		CF3145C92290A6C000DF4513 /* AppDelegate.swift in Sources */ = {isa = PBXBuildFile; fileRef = CF3145C82290A6C000DF4513 /* AppDelegate.swift */; };
		CF3145CB2290A6C000DF4513 /* art.scnassets in Resources */ = {isa = PBXBuildFile; fileRef = CF3145CA2290A6C000DF4513 /* art.scnassets */; };
		CF3145CD2290A6C000DF4513 /* ViewController.swift in Sources */ = {isa = PBXBuildFile; fileRef = CF3145CC2290A6C000DF4513 /* ViewController.swift */; };
		CF3145D02290A6C000DF4513 /* Main.storyboard in Resources */ = {isa = PBXBuildFile; fileRef = CF3145CE2290A6C000DF4513 /* Main.storyboard */; };
		CF3145D22290A6C100DF4513 /* Assets.xcassets in Resources */ = {isa = PBXBuildFile; fileRef = CF3145D12290A6C100DF4513 /* Assets.xcassets */; };
		CF3145D52290A6C100DF4513 /* LaunchScreen.storyboard in Resources */ = {isa = PBXBuildFile; fileRef = CF3145D32290A6C100DF4513 /* LaunchScreen.storyboard */; };
/* End PBXBuildFile section */

/* Begin PBXFileReference section */
		CF3145C52290A6C000DF4513 /* peso-to-usd-ar.app */ = {isa = PBXFileReference; explicitFileType = wrapper.application; includeInIndex = 0; path = "peso-to-usd-ar.app"; sourceTree = BUILT_PRODUCTS_DIR; };
		CF3145C82290A6C000DF4513 /* AppDelegate.swift */ = {isa = PBXFileReference; lastKnownFileType = sourcecode.swift; path = AppDelegate.swift; sourceTree = "<group>"; };
		CF3145CA2290A6C000DF4513 /* art.scnassets */ = {isa = PBXFileReference; lastKnownFileType = wrapper.scnassets; path = art.scnassets; sourceTree = "<group>"; };
		CF3145CC2290A6C000DF4513 /* ViewController.swift */ = {isa = PBXFileReference; lastKnownFileType = sourcecode.swift; path = ViewController.swift; sourceTree = "<group>"; };
		CF3145CF2290A6C000DF4513 /* Base */ = {isa = PBXFileReference; lastKnownFileType = file.storyboard; name = Base; path = Base.lproj/Main.storyboard; sourceTree = "<group>"; };
		CF3145D12290A6C100DF4513 /* Assets.xcassets */ = {isa = PBXFileReference; lastKnownFileType = folder.assetcatalog; path = Assets.xcassets; sourceTree = "<group>"; };
		CF3145D42290A6C100DF4513 /* Base */ = {isa = PBXFileReference; lastKnownFileType = file.storyboard; name = Base; path = Base.lproj/LaunchScreen.storyboard; sourceTree = "<group>"; };
		CF3145D62290A6C100DF4513 /* Info.plist */ = {isa = PBXFileReference; lastKnownFileType = text.plist.xml; path = Info.plist; sourceTree = "<group>"; };
/* End PBXFileReference section */

/* Begin PBXFrameworksBuildPhase section */
		CF3145C22290A6C000DF4513 /* Frameworks */ = {
			isa = PBXFrameworksBuildPhase;
			buildActionMask = 2147483647;
			files = (
			);
			runOnlyForDeploymentPostprocessing = 0;
		};
/* End PBXFrameworksBuildPhase section */

/* Begin PBXGroup section */
		CF3145BC2290A6C000DF4513 = {
			isa = PBXGroup;
			children = (
				CF3145C72290A6C000DF4513 /* peso-to-usd-ar */,
				CF3145C62290A6C000DF4513 /* Products */,
			);
			sourceTree = "<group>";
		};
		CF3145C62290A6C000DF4513 /* Products */ = {
			isa = PBXGroup;
			children = (
				CF3145C52290A6C000DF4513 /* peso-to-usd-ar.app */,
			);
			name = Products;
			sourceTree = "<group>";
		};
		CF3145C72290A6C000DF4513 /* peso-to-usd-ar */ = {
			isa = PBXGroup;
			children = (
				CF3145C82290A6C000DF4513 /* AppDelegate.swift */,
				CF3145CA2290A6C000DF4513 /* art.scnassets */,
				CF3145CC2290A6C000DF4513 /* ViewController.swift */,
				CF3145CE2290A6C000DF4513 /* Main.storyboard */,
				CF3145D12290A6C100DF4513 /* Assets.xcassets */,
				CF3145D32290A6C100DF4513 /* LaunchScreen.storyboard */,
				CF3145D62290A6C100DF4513 /* Info.plist */,
			);
			path = "peso-to-usd-ar";
			sourceTree = "<group>";
		};
/* End PBXGroup section */

/* Begin PBXNativeTarget section */
		CF3145C42290A6C000DF4513 /* peso-to-usd-ar */ = {
			isa = PBXNativeTarget;
			buildConfigurationList = CF3145D92290A6C100DF4513 /* Build configuration list for PBXNativeTarget "peso-to-usd-ar" */;
			buildPhases = (
				CF3145C12290A6C000DF4513 /* Sources */,
				CF3145C22290A6C000DF4513 /* Frameworks */,
				CF3145C32290A6C000DF4513 /* Resources */,
			);
			buildRules = (
			);
			dependencies = (
			);
			name = "peso-to-usd-ar";
			productName = "peso-to-usd-ar";
			productReference = CF3145C52290A6C000DF4513 /* peso-to-usd-ar.app */;
			productType = "com.apple.product-type.application";
		};
/* End PBXNativeTarget section */

/* Begin PBXProject section */
		CF3145BD2290A6C000DF4513 /* Project object */ = {
			isa = PBXProject;
			attributes = {
				LastSwiftUpdateCheck = 1020;
				LastUpgradeCheck = 1020;
				ORGANIZATIONNAME = "Tomas Gesino";
				TargetAttributes = {
					CF3145C42290A6C000DF4513 = {
						CreatedOnToolsVersion = 10.2;
					};
				};
			};
			buildConfigurationList = CF3145C02290A6C000DF4513 /* Build configuration list for PBXProject "peso-to-usd-ar" */;
			compatibilityVersion = "Xcode 9.3";
			developmentRegion = en;
			hasScannedForEncodings = 0;
			knownRegions = (
				en,
				Base,
			);
			mainGroup = CF3145BC2290A6C000DF4513;
			productRefGroup = CF3145C62290A6C000DF4513 /* Products */;
			projectDirPath = "";
			projectRoot = "";
			targets = (
				CF3145C42290A6C000DF4513 /* peso-to-usd-ar */,
			);
		};
/* End PBXProject section */

/* Begin PBXResourcesBuildPhase section */
		CF3145C32290A6C000DF4513 /* Resources */ = {
			isa = PBXResourcesBuildPhase;
			buildActionMask = 2147483647;
			files = (
				CF3145CB2290A6C000DF4513 /* art.scnassets in Resources */,
				CF3145D52290A6C100DF4513 /* LaunchScreen.storyboard in Resources */,
				CF3145D22290A6C100DF4513 /* Assets.xcassets in Resources */,
				CF3145D02290A6C000DF4513 /* Main.storyboard in Resources */,
			);
			runOnlyForDeploymentPostprocessing = 0;
		};
/* End PBXResourcesBuildPhase section */

/* Begin PBXSourcesBuildPhase section */
		CF3145C12290A6C000DF4513 /* Sources */ = {
			isa = PBXSourcesBuildPhase;
			buildActionMask = 2147483647;
			files = (
				CF3145CD2290A6C000DF4513 /* ViewController.swift in Sources */,
				CF3145C92290A6C000DF4513 /* AppDelegate.swift in Sources */,
			);
			runOnlyForDeploymentPostprocessing = 0;
		};
/* End PBXSourcesBuildPhase section */

/* Begin PBXVariantGroup section */
		CF3145CE2290A6C000DF4513 /* Main.storyboard */ = {
			isa = PBXVariantGroup;
			children = (
				CF3145CF2290A6C000DF4513 /* Base */,
			);
			name = Main.storyboard;
			sourceTree = "<group>";
		};
		CF3145D32290A6C100DF4513 /* LaunchScreen.storyboard */ = {
			isa = PBXVariantGroup;
			children = (
				CF3145D42290A6C100DF4513 /* Base */,
			);
			name = LaunchScreen.storyboard;
			sourceTree = "<group>";
		};
/* End PBXVariantGroup section */

/* Begin XCBuildConfiguration section */
		CF3145D72290A6C100DF4513 /* Debug */ = {
			isa = XCBuildConfiguration;
			buildSettings = {
				ALWAYS_SEARCH_USER_PATHS = NO;
				CLANG_ANALYZER_NONNULL = YES;
				CLANG_ANALYZER_NUMBER_OBJECT_CONVERSION = YES_AGGRESSIVE;
				CLANG_CXX_LANGUAGE_STANDARD = "gnu++14";
				CLANG_CXX_LIBRARY = "libc++";
				CLANG_ENABLE_MODULES = YES;
				CLANG_ENABLE_OBJC_ARC = YES;
				CLANG_ENABLE_OBJC_WEAK = YES;
				CLANG_WARN_BLOCK_CAPTURE_AUTORELEASING = YES;
				CLANG_WARN_BOOL_CONVERSION = YES;
				CLANG_WARN_COMMA = YES;
				CLANG_WARN_CONSTANT_CONVERSION = YES;
				CLANG_WARN_DEPRECATED_OBJC_IMPLEMENTATIONS = YES;
				CLANG_WARN_DIRECT_OBJC_ISA_USAGE = YES_ERROR;
				CLANG_WARN_DOCUMENTATION_COMMENTS = YES;
				CLANG_WARN_EMPTY_BODY = YES;
				CLANG_WARN_ENUM_CONVERSION = YES;
				CLANG_WARN_INFINITE_RECURSION = YES;
				CLANG_WARN_INT_CONVERSION = YES;
				CLANG_WARN_NON_LITERAL_NULL_CONVERSION = YES;
				CLANG_WARN_OBJC_IMPLICIT_RETAIN_SELF = YES;
				CLANG_WARN_OBJC_LITERAL_CONVERSION = YES;
				CLANG_WARN_OBJC_ROOT_CLASS = YES_ERROR;
				CLANG_WARN_RANGE_LOOP_ANALYSIS = YES;
				CLANG_WARN_STRICT_PROTOTYPES = YES;
				CLANG_WARN_SUSPICIOUS_MOVE = YES;
				CLANG_WARN_UNGUARDED_AVAILABILITY = YES_AGGRESSIVE;
				CLANG_WARN_UNREACHABLE_CODE = YES;
				CLANG_WARN__DUPLICATE_METHOD_MATCH = YES;
				CODE_SIGN_IDENTITY = "iPhone Developer";
				COPY_PHASE_STRIP = NO;
				DEBUG_INFORMATION_FORMAT = dwarf;
				ENABLE_STRICT_OBJC_MSGSEND = YES;
				ENABLE_TESTABILITY = YES;
				GCC_C_LANGUAGE_STANDARD = gnu11;
				GCC_DYNAMIC_NO_PIC = NO;
				GCC_NO_COMMON_BLOCKS = YES;
				GCC_OPTIMIZATION_LEVEL = 0;
				GCC_PREPROCESSOR_DEFINITIONS = (
					"DEBUG=1",
					"$(inherited)",
				);
				GCC_WARN_64_TO_32_BIT_CONVERSION = YES;
				GCC_WARN_ABOUT_RETURN_TYPE = YES_ERROR;
				GCC_WARN_UNDECLARED_SELECTOR = YES;
				GCC_WARN_UNINITIALIZED_AUTOS = YES_AGGRESSIVE;
				GCC_WARN_UNUSED_FUNCTION = YES;
				GCC_WARN_UNUSED_VARIABLE = YES;
				IPHONEOS_DEPLOYMENT_TARGET = 12.2;
				MTL_ENABLE_DEBUG_INFO = INCLUDE_SOURCE;
				MTL_FAST_MATH = YES;
				ONLY_ACTIVE_ARCH = YES;
				SDKROOT = iphoneos;
				SWIFT_ACTIVE_COMPILATION_CONDITIONS = DEBUG;
				SWIFT_OPTIMIZATION_LEVEL = "-Onone";
			};
			name = Debug;
		};
		CF3145D82290A6C100DF4513 /* Release */ = {
			isa = XCBuildConfiguration;
			buildSettings = {
				ALWAYS_SEARCH_USER_PATHS = NO;
				CLANG_ANALYZER_NONNULL = YES;
				CLANG_ANALYZER_NUMBER_OBJECT_CONVERSION = YES_AGGRESSIVE;
				CLANG_CXX_LANGUAGE_STANDARD = "gnu++14";
				CLANG_CXX_LIBRARY = "libc++";
				CLANG_ENABLE_MODULES = YES;
				CLANG_ENABLE_OBJC_ARC = YES;
				CLANG_ENABLE_OBJC_WEAK = YES;
				CLANG_WARN_BLOCK_CAPTURE_AUTORELEASING = YES;
				CLANG_WARN_BOOL_CONVERSION = YES;
				CLANG_WARN_COMMA = YES;
				CLANG_WARN_CONSTANT_CONVERSION = YES;
				CLANG_WARN_DEPRECATED_OBJC_IMPLEMENTATIONS = YES;
				CLANG_WARN_DIRECT_OBJC_ISA_USAGE = YES_ERROR;
				CLANG_WARN_DOCUMENTATION_COMMENTS = YES;
				CLANG_WARN_EMPTY_BODY = YES;
				CLANG_WARN_ENUM_CONVERSION = YES;
				CLANG_WARN_INFINITE_RECURSION = YES;
				CLANG_WARN_INT_CONVERSION = YES;
				CLANG_WARN_NON_LITERAL_NULL_CONVERSION = YES;
				CLANG_WARN_OBJC_IMPLICIT_RETAIN_SELF = YES;
				CLANG_WARN_OBJC_LITERAL_CONVERSION = YES;
				CLANG_WARN_OBJC_ROOT_CLASS = YES_ERROR;
				CLANG_WARN_RANGE_LOOP_ANALYSIS = YES;
				CLANG_WARN_STRICT_PROTOTYPES = YES;
				CLANG_WARN_SUSPICIOUS_MOVE = YES;
				CLANG_WARN_UNGUARDED_AVAILABILITY = YES_AGGRESSIVE;
				CLANG_WARN_UNREACHABLE_CODE = YES;
				CLANG_WARN__DUPLICATE_METHOD_MATCH = YES;
				CODE_SIGN_IDENTITY = "iPhone Developer";
				COPY_PHASE_STRIP = NO;
				DEBUG_INFORMATION_FORMAT = "dwarf-with-dsym";
				ENABLE_NS_ASSERTIONS = NO;
				ENABLE_STRICT_OBJC_MSGSEND = YES;
				GCC_C_LANGUAGE_STANDARD = gnu11;
				GCC_NO_COMMON_BLOCKS = YES;
				GCC_WARN_64_TO_32_BIT_CONVERSION = YES;
				GCC_WARN_ABOUT_RETURN_TYPE = YES_ERROR;
				GCC_WARN_UNDECLARED_SELECTOR = YES;
				GCC_WARN_UNINITIALIZED_AUTOS = YES_AGGRESSIVE;
				GCC_WARN_UNUSED_FUNCTION = YES;
				GCC_WARN_UNUSED_VARIABLE = YES;
				IPHONEOS_DEPLOYMENT_TARGET = 12.2;
				MTL_ENABLE_DEBUG_INFO = NO;
				MTL_FAST_MATH = YES;
				SDKROOT = iphoneos;
				SWIFT_COMPILATION_MODE = wholemodule;
				SWIFT_OPTIMIZATION_LEVEL = "-O";
				VALIDATE_PRODUCT = YES;
			};
			name = Release;
		};
		CF3145DA2290A6C100DF4513 /* Debug */ = {
			isa = XCBuildConfiguration;
			buildSettings = {
				ASSETCATALOG_COMPILER_APPICON_NAME = AppIcon;
				CODE_SIGN_STYLE = Automatic;
				DEVELOPMENT_TEAM = 48QB5W6SYY;
				INFOPLIST_FILE = "peso-to-usd-ar/Info.plist";
				LD_RUNPATH_SEARCH_PATHS = (
					"$(inherited)",
					"@executable_path/Frameworks",
				);
				PRODUCT_BUNDLE_IDENTIFIER = "com.tomasgesino.peso-to-usd-ar";
				PRODUCT_NAME = "$(TARGET_NAME)";
				SWIFT_VERSION = 5.0;
				TARGETED_DEVICE_FAMILY = 2;
			};
			name = Debug;
		};
		CF3145DB2290A6C100DF4513 /* Release */ = {
			isa = XCBuildConfiguration;
			buildSettings = {
				ASSETCATALOG_COMPILER_APPICON_NAME = AppIcon;
				CODE_SIGN_STYLE = Automatic;
				DEVELOPMENT_TEAM = 48QB5W6SYY;
				INFOPLIST_FILE = "peso-to-usd-ar/Info.plist";
				LD_RUNPATH_SEARCH_PATHS = (
					"$(inherited)",
					"@executable_path/Frameworks",
				);
				PRODUCT_BUNDLE_IDENTIFIER = "com.tomasgesino.peso-to-usd-ar";
				PRODUCT_NAME = "$(TARGET_NAME)";
				SWIFT_VERSION = 5.0;
				TARGETED_DEVICE_FAMILY = 2;
			};
			name = Release;
		};
/* End XCBuildConfiguration section */

/* Begin XCConfigurationList section */
		CF3145C02290A6C000DF4513 /* Build configuration list for PBXProject "peso-to-usd-ar" */ = {
			isa = XCConfigurationList;
			buildConfigurations = (
				CF3145D72290A6C100DF4513 /* Debug */,
				CF3145D82290A6C100DF4513 /* Release */,
			);
			defaultConfigurationIsVisible = 0;
			defaultConfigurationName = Release;
		};
		CF3145D92290A6C100DF4513 /* Build configuration list for PBXNativeTarget "peso-to-usd-ar" */ = {
			isa = XCConfigurationList;
			buildConfigurations = (
				CF3145DA2290A6C100DF4513 /* Debug */,
				CF3145DB2290A6C100DF4513 /* Release */,
			);
			defaultConfigurationIsVisible = 0;
			defaultConfigurationName = Release;
		};
/* End XCConfigurationList section */
	};
	rootObject = CF3145BD2290A6C000DF4513 /* Project object */;
}
